github.com/pointlander/bigfloat v0.0.0-20201211040007-2034219fcdd4 h1:Uu2OrXR+yfJ3C2z/Z7y6dTiKi02TPeIJ665uNSP7918=
github.com/pointlander/bigfloat v0.0.0-20201211040007-2034219fcdd4/go.mod h1:b19QN7yorMusM5S22nrPQHtgQFz7eFaZVEDQUE0N+tA=
github.com/pointlander/peg v1.0.2-0.20260519004245-54a358d9181c h1:oqKj2A3dv+lIVZGNs86Uely87FiqaIGIchRRPy4PToM=
github.com/pointlander/peg v1.0.2-0.20260519004245-54a358d9181c/go.mod h1:sWV8xgWIUmYFK/1oDj2k1rQ8tJ4GsYxDCFTU2Mongtg=
